Microsoft Visual Studio Solution File, Format Version 11.00
# Visual Studio 2008

Project("{7882290A-B15E-6B18-80B4-F8BE4A7CED13}") = "Shoot the Hoop", "Assembly-CSharp.csproj", "{1C9AB331-BED9-0FEE-6FF2-D8FD03A93C21}"
EndProject
Global
	GlobalSection(SolutionConfigurationPlatforms) = preSolution
		Debug|Any CPU = Debug|Any CPU
		Release|Any CPU = Release|Any CPU
	EndGlobalSection
	GlobalSection(ProjectConfigurationPlatforms) = postSolution
		{1C9AB331-BED9-0FEE-6FF2-D8FD03A93C21}.Debug|Any CPU.ActiveCfg = Debug|Any CPU
		{1C9AB331-BED9-0FEE-6FF2-D8FD03A93C21}.Debug|Any CPU.Build.0 = Debug|Any CPU
		{1C9AB331-BED9-0FEE-6FF2-D8FD03A93C21}.Release|Any CPU.ActiveCfg = Release|Any CPU
		{1C9AB331-BED9-0FEE-6FF2-D8FD03A93C21}.Release|Any CPU.Build.0 = Release|Any CPU
	EndGlobalSection
	GlobalSection(SolutionProperties) = preSolution
		HideSolutionNode = FALSE
	EndGlobalSection
	GlobalSection(MonoDevelopProperties) = preSolution
		StartupItem = Assembly-CSharp.csproj
	EndGlobalSection
EndGlobal
